// !$*UTF8*$!
{
	archiveVersion = 1;
	classes = {
	};
	objectVersion = 56;
	objects = {

/* Begin PBXBuildFile section */
		168E439529931B9C006EE308 /* AppDelegate.swift in Sources */ = {isa = PBXBuildFile; fileRef = 168E439429931B9C006EE308 /* AppDelegate.swift */; };
		168E439729931B9C006EE308 /* ViewController.swift in Sources */ = {isa = PBXBuildFile; fileRef = 168E439629931B9C006EE308 /* ViewController.swift */; };
		168E439929931B9D006EE308 /* Assets.xcassets in Resources */ = {isa = PBXBuildFile; fileRef = 168E439829931B9D006EE308 /* Assets.xcassets */; };
		168E439C29931B9D006EE308 /* Main.storyboard in Resources */ = {isa = PBXBuildFile; fileRef = 168E439A29931B9D006EE308 /* Main.storyboard */; };
		168E43A62993DBE7006EE308 /* KeyValuePair.swift in Sources */ = {isa = PBXBuildFile; fileRef = 168E43A52993DBE7006EE308 /* KeyValuePair.swift */; };
		168E43A82993EB7D006EE308 /* KeyValueStore.swift in Sources */ = {isa = PBXBuildFile; fileRef = 168E43A72993EB7D006EE308 /* KeyValueStore.swift */; };
		16E8C280299D1A3700018DF4 /* SidebarViewController.swift in Sources */ = {isa = PBXBuildFile; fileRef = 16E8C27E299D1A3700018DF4 /* SidebarViewController.swift */; };
		16E8C281299D1A3700018DF4 /* SidebarViewController.xib in Resources */ = {isa = PBXBuildFile; fileRef = 16E8C27F299D1A3700018DF4 /* SidebarViewController.xib */; };
		16E8C283299D1B2B00018DF4 /* MainSplitViewController.swift in Sources */ = {isa = PBXBuildFile; fileRef = 16E8C282299D1B2B00018DF4 /* MainSplitViewController.swift */; };
		16E8C286299D1BA800018DF4 /* KeyValueStoreViewController.swift in Sources */ = {isa = PBXBuildFile; fileRef = 16E8C284299D1BA800018DF4 /* KeyValueStoreViewController.swift */; };
		16E8C287299D1BA800018DF4 /* KeyValueStoreViewController.xib in Resources */ = {isa = PBXBuildFile; fileRef = 16E8C285299D1BA800018DF4 /* KeyValueStoreViewController.xib */; };
		16E8C28A299D1CC400018DF4 /* EmptyViewController.swift in Sources */ = {isa = PBXBuildFile; fileRef = 16E8C288299D1CC400018DF4 /* EmptyViewController.swift */; };
		16E8C28B299D1CC400018DF4 /* EmptyViewController.xib in Resources */ = {isa = PBXBuildFile; fileRef = 16E8C289299D1CC400018DF4 /* EmptyViewController.xib */; };
		16E8C28D299D29D000018DF4 /* KeyValueStoreSidebarCell.swift in Sources */ = {isa = PBXBuildFile; fileRef = 16E8C28C299D29D000018DF4 /* KeyValueStoreSidebarCell.swift */; };
		16E928BB29954ACA0008CEB8 /* LocalizedString.swift in Sources */ = {isa = PBXBuildFile; fileRef = 16E928BA29954ACA0008CEB8 /* LocalizedString.swift */; };
		16E928BD29957DC90008CEB8 /* NSWorkspace+Extensions.swift in Sources */ = {isa = PBXBuildFile; fileRef = 16E928BC29957DC90008CEB8 /* NSWorkspace+Extensions.swift */; };
/* End PBXBuildFile section */

/* Begin PBXFileReference section */
		168E439129931B9C006EE308 /* Preferences Viewer.app */ = {isa = PBXFileReference; explicitFileType = wrapper.application; includeInIndex = 0; path = "Preferences Viewer.app"; sourceTree = BUILT_PRODUCTS_DIR; };
		168E439429931B9C006EE308 /* AppDelegate.swift */ = {isa = PBXFileReference; lastKnownFileType = sourcecode.swift; path = AppDelegate.swift; sourceTree = "<group>"; };
		168E439629931B9C006EE308 /* ViewController.swift */ = {isa = PBXFileReference; lastKnownFileType = sourcecode.swift; path = ViewController.swift; sourceTree = "<group>"; };
		168E439829931B9D006EE308 /* Assets.xcassets */ = {isa = PBXFileReference; lastKnownFileType = folder.assetcatalog; path = Assets.xcassets; sourceTree = "<group>"; };
		168E439B29931B9D006EE308 /* Base */ = {isa = PBXFileReference; lastKnownFileType = file.storyboard; name = Base; path = Base.lproj/Main.storyboard; sourceTree = "<group>"; };
		168E439D29931B9D006EE308 /* PrefViewer.entitlements */ = {isa = PBXFileReference; lastKnownFileType = text.plist.entitlements; path = PrefViewer.entitlements; sourceTree = "<group>"; };
		168E43A52993DBE7006EE308 /* KeyValuePair.swift */ = {isa = PBXFileReference; lastKnownFileType = sourcecode.swift; path = KeyValuePair.swift; sourceTree = "<group>"; };
		168E43A72993EB7D006EE308 /* KeyValueStore.swift */ = {isa = PBXFileReference; lastKnownFileType = sourcecode.swift; path = KeyValueStore.swift; sourceTree = "<group>"; };
		16E8C27E299D1A3700018DF4 /* SidebarViewController.swift */ = {isa = PBXFileReference; lastKnownFileType = sourcecode.swift; path = SidebarViewController.swift; sourceTree = "<group>"; };
		16E8C27F299D1A3700018DF4 /* SidebarViewController.xib */ = {isa = PBXFileReference; lastKnownFileType = file.xib; path = SidebarViewController.xib; sourceTree = "<group>"; };
		16E8C282299D1B2B00018DF4 /* MainSplitViewController.swift */ = {isa = PBXFileReference; lastKnownFileType = sourcecode.swift; path = MainSplitViewController.swift; sourceTree = "<group>"; };
		16E8C284299D1BA800018DF4 /* KeyValueStoreViewController.swift */ = {isa = PBXFileReference; lastKnownFileType = sourcecode.swift; path = KeyValueStoreViewController.swift; sourceTree = "<group>"; };
		16E8C285299D1BA800018DF4 /* KeyValueStoreViewController.xib */ = {isa = PBXFileReference; lastKnownFileType = file.xib; path = KeyValueStoreViewController.xib; sourceTree = "<group>"; };
		16E8C288299D1CC400018DF4 /* EmptyViewController.swift */ = {isa = PBXFileReference; lastKnownFileType = sourcecode.swift; path = EmptyViewController.swift; sourceTree = "<group>"; };
		16E8C289299D1CC400018DF4 /* EmptyViewController.xib */ = {isa = PBXFileReference; lastKnownFileType = file.xib; path = EmptyViewController.xib; sourceTree = "<group>"; };
		16E8C28C299D29D000018DF4 /* KeyValueStoreSidebarCell.swift */ = {isa = PBXFileReference; lastKnownFileType = sourcecode.swift; path = KeyValueStoreSidebarCell.swift; sourceTree = "<group>"; };
		16E928BA29954ACA0008CEB8 /* LocalizedString.swift */ = {isa = PBXFileReference; lastKnownFileType = sourcecode.swift; path = LocalizedString.swift; sourceTree = "<group>"; };
		16E928BC29957DC90008CEB8 /* NSWorkspace+Extensions.swift */ = {isa = PBXFileReference; fileEncoding = 4; lastKnownFileType = sourcecode.swift; path = "NSWorkspace+Extensions.swift"; sourceTree = "<group>"; };
		16E928C02995970A0008CEB8 /* SidebarView.swift */ = {isa = PBXFileReference; lastKnownFileType = sourcecode.swift; path = SidebarView.swift; sourceTree = "<group>"; };
/* End PBXFileReference section */

/* Begin PBXFrameworksBuildPhase section */
		168E438E29931B9C006EE308 /* Frameworks */ = {
			isa = PBXFrameworksBuildPhase;
			buildActionMask = 2147483647;
			files = (
			);
			runOnlyForDeploymentPostprocessing = 0;
		};
/* End PBXFrameworksBuildPhase section */

/* Begin PBXGroup section */
		168E438829931B9C006EE308 = {
			isa = PBXGroup;
			children = (
				168E439329931B9C006EE308 /* PrefViewer */,
				168E439229931B9C006EE308 /* Products */,
			);
			sourceTree = "<group>";
		};
		168E439229931B9C006EE308 /* Products */ = {
			isa = PBXGroup;
			children = (
				168E439129931B9C006EE308 /* Preferences Viewer.app */,
			);
			name = Products;
			sourceTree = "<group>";
		};
		168E439329931B9C006EE308 /* PrefViewer */ = {
			isa = PBXGroup;
			children = (
				168E439429931B9C006EE308 /* AppDelegate.swift */,
				16E8C282299D1B2B00018DF4 /* MainSplitViewController.swift */,
				16E8C27E299D1A3700018DF4 /* SidebarViewController.swift */,
				16E8C27F299D1A3700018DF4 /* SidebarViewController.xib */,
				168E439629931B9C006EE308 /* ViewController.swift */,
				168E439829931B9D006EE308 /* Assets.xcassets */,
				168E439A29931B9D006EE308 /* Main.storyboard */,
				168E439D29931B9D006EE308 /* PrefViewer.entitlements */,
				168E43A72993EB7D006EE308 /* KeyValueStore.swift */,
				168E43A52993DBE7006EE308 /* KeyValuePair.swift */,
				16E928BA29954ACA0008CEB8 /* LocalizedString.swift */,
				16E928BC29957DC90008CEB8 /* NSWorkspace+Extensions.swift */,
				16E928C02995970A0008CEB8 /* SidebarView.swift */,
				16E8C284299D1BA800018DF4 /* KeyValueStoreViewController.swift */,
				16E8C285299D1BA800018DF4 /* KeyValueStoreViewController.xib */,
				16E8C288299D1CC400018DF4 /* EmptyViewController.swift */,
				16E8C289299D1CC400018DF4 /* EmptyViewController.xib */,
				16E8C28C299D29D000018DF4 /* KeyValueStoreSidebarCell.swift */,
			);
			path = PrefViewer;
			sourceTree = "<group>";
		};
/* End PBXGroup section */

/* Begin PBXNativeTarget section */
		168E439029931B9C006EE308 /* Preferences Viewer */ = {
			isa = PBXNativeTarget;
			buildConfigurationList = 168E43A029931B9D006EE308 /* Build configuration list for PBXNativeTarget "Preferences Viewer" */;
			buildPhases = (
				168E438D29931B9C006EE308 /* Sources */,
				168E438E29931B9C006EE308 /* Frameworks */,
				168E438F29931B9C006EE308 /* Resources */,
			);
			buildRules = (
			);
			dependencies = (
			);
			name = "Preferences Viewer";
			productName = PrefViewer;
			productReference = 168E439129931B9C006EE308 /* Preferences Viewer.app */;
			productType = "com.apple.product-type.application";
		};
/* End PBXNativeTarget section */

/* Begin PBXProject section */
		168E438929931B9C006EE308 /* Project object */ = {
			isa = PBXProject;
			attributes = {
				BuildIndependentTargetsInParallel = 1;
				LastSwiftUpdateCheck = 1420;
				LastUpgradeCheck = 1420;
				TargetAttributes = {
					168E439029931B9C006EE308 = {
						CreatedOnToolsVersion = 14.2;
					};
				};
			};
			buildConfigurationList = 168E438C29931B9C006EE308 /* Build configuration list for PBXProject "PrefViewer" */;
			compatibilityVersion = "Xcode 14.0";
			developmentRegion = en;
			hasScannedForEncodings = 0;
			knownRegions = (
				en,
				Base,
			);
			mainGroup = 168E438829931B9C006EE308;
			productRefGroup = 168E439229931B9C006EE308 /* Products */;
			projectDirPath = "";
			projectRoot = "";
			targets = (
				168E439029931B9C006EE308 /* Preferences Viewer */,
			);
		};
/* End PBXProject section */

/* Begin PBXResourcesBuildPhase section */
		168E438F29931B9C006EE308 /* Resources */ = {
			isa = PBXResourcesBuildPhase;
			buildActionMask = 2147483647;
			files = (
				168E439929931B9D006EE308 /* Assets.xcassets in Resources */,
				168E439C29931B9D006EE308 /* Main.storyboard in Resources */,
				16E8C287299D1BA800018DF4 /* KeyValueStoreViewController.xib in Resources */,
				16E8C28B299D1CC400018DF4 /* EmptyViewController.xib in Resources */,
				16E8C281299D1A3700018DF4 /* SidebarViewController.xib in Resources */,
			);
			runOnlyForDeploymentPostprocessing = 0;
		};
/* End PBXResourcesBuildPhase section */

/* Begin PBXSourcesBuildPhase section */
		168E438D29931B9C006EE308 /* Sources */ = {
			isa = PBXSourcesBuildPhase;
			buildActionMask = 2147483647;
			files = (
				16E8C283299D1B2B00018DF4 /* MainSplitViewController.swift in Sources */,
				16E928BD29957DC90008CEB8 /* NSWorkspace+Extensions.swift in Sources */,
				16E8C28A299D1CC400018DF4 /* EmptyViewController.swift in Sources */,
				16E8C28D299D29D000018DF4 /* KeyValueStoreSidebarCell.swift in Sources */,
				168E439729931B9C006EE308 /* ViewController.swift in Sources */,
				16E928BB29954ACA0008CEB8 /* LocalizedString.swift in Sources */,
				16E8C286299D1BA800018DF4 /* KeyValueStoreViewController.swift in Sources */,
				168E43A82993EB7D006EE308 /* KeyValueStore.swift in Sources */,
				168E439529931B9C006EE308 /* AppDelegate.swift in Sources */,
				168E43A62993DBE7006EE308 /* KeyValuePair.swift in Sources */,
				16E8C280299D1A3700018DF4 /* SidebarViewController.swift in Sources */,
			);
			runOnlyForDeploymentPostprocessing = 0;
		};
/* End PBXSourcesBuildPhase section */

/* Begin PBXVariantGroup section */
		168E439A29931B9D006EE308 /* Main.storyboard */ = {
			isa = PBXVariantGroup;
			children = (
				168E439B29931B9D006EE308 /* Base */,
			);
			name = Main.storyboard;
			sourceTree = "<group>";
		};
/* End PBXVariantGroup section */

/* Begin XCBuildConfiguration section */
		168E439E29931B9D006EE308 /* Debug */ = {
			isa = XCBuildConfiguration;
			buildSettings = {
				ALWAYS_SEARCH_USER_PATHS = NO;
				CLANG_ANALYZER_NONNULL = YES;
				CLANG_ANALYZER_NUMBER_OBJECT_CONVERSION = YES_AGGRESSIVE;
				CLANG_CXX_LANGUAGE_STANDARD = "gnu++20";
				CLANG_ENABLE_MODULES = YES;
				CLANG_ENABLE_OBJC_ARC = YES;
				CLANG_ENABLE_OBJC_WEAK = YES;
				CLANG_WARN_BLOCK_CAPTURE_AUTORELEASING = YES;
				CLANG_WARN_BOOL_CONVERSION = YES;
				CLANG_WARN_COMMA = YES;
				CLANG_WARN_CONSTANT_CONVERSION = YES;
				CLANG_WARN_DEPRECATED_OBJC_IMPLEMENTATIONS = YES;
				CLANG_WARN_DIRECT_OBJC_ISA_USAGE = YES_ERROR;
				CLANG_WARN_DOCUMENTATION_COMMENTS = YES;
				CLANG_WARN_EMPTY_BODY = YES;
				CLANG_WARN_ENUM_CONVERSION = YES;
				CLANG_WARN_INFINITE_RECURSION = YES;
				CLANG_WARN_INT_CONVERSION = YES;
				CLANG_WARN_NON_LITERAL_NULL_CONVERSION = YES;
				CLANG_WARN_OBJC_IMPLICIT_RETAIN_SELF = YES;
				CLANG_WARN_OBJC_LITERAL_CONVERSION = YES;
				CLANG_WARN_OBJC_ROOT_CLASS = YES_ERROR;
				CLANG_WARN_QUOTED_INCLUDE_IN_FRAMEWORK_HEADER = YES;
				CLANG_WARN_RANGE_LOOP_ANALYSIS = YES;
				CLANG_WARN_STRICT_PROTOTYPES = YES;
				CLANG_WARN_SUSPICIOUS_MOVE = YES;
				CLANG_WARN_UNGUARDED_AVAILABILITY = YES_AGGRESSIVE;
				CLANG_WARN_UNREACHABLE_CODE = YES;
				CLANG_WARN__DUPLICATE_METHOD_MATCH = YES;
				COPY_PHASE_STRIP = NO;
				DEBUG_INFORMATION_FORMAT = dwarf;
				ENABLE_STRICT_OBJC_MSGSEND = YES;
				ENABLE_TESTABILITY = YES;
				GCC_C_LANGUAGE_STANDARD = gnu11;
				GCC_DYNAMIC_NO_PIC = NO;
				GCC_NO_COMMON_BLOCKS = YES;
				GCC_OPTIMIZATION_LEVEL = 0;
				GCC_PREPROCESSOR_DEFINITIONS = (
					"DEBUG=1",
					"$(inherited)",
				);
				GCC_WARN_64_TO_32_BIT_CONVERSION = YES;
				GCC_WARN_ABOUT_RETURN_TYPE = YES_ERROR;
				GCC_WARN_UNDECLARED_SELECTOR = YES;
				GCC_WARN_UNINITIALIZED_AUTOS = YES_AGGRESSIVE;
				GCC_WARN_UNUSED_FUNCTION = YES;
				GCC_WARN_UNUSED_VARIABLE = YES;
				MACOSX_DEPLOYMENT_TARGET = 12.6;
				MTL_ENABLE_DEBUG_INFO = INCLUDE_SOURCE;
				MTL_FAST_MATH = YES;
				ONLY_ACTIVE_ARCH = YES;
				SDKROOT = macosx;
				SWIFT_ACTIVE_COMPILATION_CONDITIONS = DEBUG;
				SWIFT_OPTIMIZATION_LEVEL = "-Onone";
			};
			name = Debug;
		};
		168E439F29931B9D006EE308 /* Release */ = {
			isa = XCBuildConfiguration;
			buildSettings = {
				ALWAYS_SEARCH_USER_PATHS = NO;
				CLANG_ANALYZER_NONNULL = YES;
				CLANG_ANALYZER_NUMBER_OBJECT_CONVERSION = YES_AGGRESSIVE;
				CLANG_CXX_LANGUAGE_STANDARD = "gnu++20";
				CLANG_ENABLE_MODULES = YES;
				CLANG_ENABLE_OBJC_ARC = YES;
				CLANG_ENABLE_OBJC_WEAK = YES;
				CLANG_WARN_BLOCK_CAPTURE_AUTORELEASING = YES;
				CLANG_WARN_BOOL_CONVERSION = YES;
				CLANG_WARN_COMMA = YES;
				CLANG_WARN_CONSTANT_CONVERSION = YES;
				CLANG_WARN_DEPRECATED_OBJC_IMPLEMENTATIONS = YES;
				CLANG_WARN_DIRECT_OBJC_ISA_USAGE = YES_ERROR;
				CLANG_WARN_DOCUMENTATION_COMMENTS = YES;
				CLANG_WARN_EMPTY_BODY = YES;
				CLANG_WARN_ENUM_CONVERSION = YES;
				CLANG_WARN_INFINITE_RECURSION = YES;
				CLANG_WARN_INT_CONVERSION = YES;
				CLANG_WARN_NON_LITERAL_NULL_CONVERSION = YES;
				CLANG_WARN_OBJC_IMPLICIT_RETAIN_SELF = YES;
				CLANG_WARN_OBJC_LITERAL_CONVERSION = YES;
				CLANG_WARN_OBJC_ROOT_CLASS = YES_ERROR;
				CLANG_WARN_QUOTED_INCLUDE_IN_FRAMEWORK_HEADER = YES;
				CLANG_WARN_RANGE_LOOP_ANALYSIS = YES;
				CLANG_WARN_STRICT_PROTOTYPES = YES;
				CLANG_WARN_SUSPICIOUS_MOVE = YES;
				CLANG_WARN_UNGUARDED_AVAILABILITY = YES_AGGRESSIVE;
				CLANG_WARN_UNREACHABLE_CODE = YES;
				CLANG_WARN__DUPLICATE_METHOD_MATCH = YES;
				COPY_PHASE_STRIP = NO;
				DEBUG_INFORMATION_FORMAT = "dwarf-with-dsym";
				ENABLE_NS_ASSERTIONS = NO;
				ENABLE_STRICT_OBJC_MSGSEND = YES;
				GCC_C_LANGUAGE_STANDARD = gnu11;
				GCC_NO_COMMON_BLOCKS = YES;
				GCC_WARN_64_TO_32_BIT_CONVERSION = YES;
				GCC_WARN_ABOUT_RETURN_TYPE = YES_ERROR;
				GCC_WARN_UNDECLARED_SELECTOR = YES;
				GCC_WARN_UNINITIALIZED_AUTOS = YES_AGGRESSIVE;
				GCC_WARN_UNUSED_FUNCTION = YES;
				GCC_WARN_UNUSED_VARIABLE = YES;
				MACOSX_DEPLOYMENT_TARGET = 12.6;
				MTL_ENABLE_DEBUG_INFO = NO;
				MTL_FAST_MATH = YES;
				SDKROOT = macosx;
				SWIFT_COMPILATION_MODE = wholemodule;
				SWIFT_OPTIMIZATION_LEVEL = "-O";
			};
			name = Release;
		};
		168E43A129931B9D006EE308 /* Debug */ = {
			isa = XCBuildConfiguration;
			buildSettings = {
				ASSETCATALOG_COMPILER_APPICON_NAME = AppIcon;
				ASSETCATALOG_COMPILER_GLOBAL_ACCENT_COLOR_NAME = AccentColor;
				CODE_SIGN_ENTITLEMENTS = PrefViewer/PrefViewer.entitlements;
				CODE_SIGN_STYLE = Automatic;
				COMBINE_HIDPI_IMAGES = YES;
				CURRENT_PROJECT_VERSION = 1;
				DEVELOPMENT_TEAM = 4Q47PVG9V6;
				ENABLE_HARDENED_RUNTIME = NO;
				GENERATE_INFOPLIST_FILE = YES;
				INFOPLIST_KEY_NSHumanReadableCopyright = "";
				INFOPLIST_KEY_NSMainStoryboardFile = Main;
				INFOPLIST_KEY_NSPrincipalClass = NSApplication;
				LD_RUNPATH_SEARCH_PATHS = (
					"$(inherited)",
					"@executable_path/../Frameworks",
				);
				MARKETING_VERSION = 1.0;
				PRODUCT_BUNDLE_IDENTIFIER = com.ninsim.PrefViewer;
				PRODUCT_NAME = "$(TARGET_NAME)";
				SWIFT_EMIT_LOC_STRINGS = YES;
				SWIFT_VERSION = 5.0;
			};
			name = Debug;
		};
		168E43A229931B9D006EE308 /* Release */ = {
			isa = XCBuildConfiguration;
			buildSettings = {
				ASSETCATALOG_COMPILER_APPICON_NAME = AppIcon;
				ASSETCATALOG_COMPILER_GLOBAL_ACCENT_COLOR_NAME = AccentColor;
				CODE_SIGN_ENTITLEMENTS = PrefViewer/PrefViewer.entitlements;
				CODE_SIGN_STYLE = Automatic;
				COMBINE_HIDPI_IMAGES = YES;
				CURRENT_PROJECT_VERSION = 1;
				DEVELOPMENT_TEAM = 4Q47PVG9V6;
				ENABLE_HARDENED_RUNTIME = NO;
				GENERATE_INFOPLIST_FILE = YES;
				INFOPLIST_KEY_NSHumanReadableCopyright = "";
				INFOPLIST_KEY_NSMainStoryboardFile = Main;
				INFOPLIST_KEY_NSPrincipalClass = NSApplication;
				LD_RUNPATH_SEARCH_PATHS = (
					"$(inherited)",
					"@executable_path/../Frameworks",
				);
				MARKETING_VERSION = 1.0;
				PRODUCT_BUNDLE_IDENTIFIER = com.ninsim.PrefViewer;
				PRODUCT_NAME = "$(TARGET_NAME)";
				SWIFT_EMIT_LOC_STRINGS = YES;
				SWIFT_VERSION = 5.0;
			};
			name = Release;
		};
/* End XCBuildConfiguration section */

/* Begin XCConfigurationList section */
		168E438C29931B9C006EE308 /* Build configuration list for PBXProject "PrefViewer" */ = {
			isa = XCConfigurationList;
			buildConfigurations = (
				168E439E29931B9D006EE308 /* Debug */,
				168E439F29931B9D006EE308 /* Release */,
			);
			defaultConfigurationIsVisible = 0;
			defaultConfigurationName = Release;
		};
		168E43A029931B9D006EE308 /* Build configuration list for PBXNativeTarget "Preferences Viewer" */ = {
			isa = XCConfigurationList;
			buildConfigurations = (
				168E43A129931B9D006EE308 /* Debug */,
				168E43A229931B9D006EE308 /* Release */,
			);
			defaultConfigurationIsVisible = 0;
			defaultConfigurationName = Release;
		};
/* End XCConfigurationList section */
	};
	rootObject = 168E438929931B9C006EE308 /* Project object */;
}
